
Microsoft Visual Studio Solution File, Format Version 12.00
# Visual Studio Version 17
VisualStudioVersion = 17.14.35906.104
MinimumVisualStudioVersion = 10.0.40219.1
Project("{FAE04EC0-301F-11D3-BF4B-00C04F79EFBC}") = "RevitMCPPlugin", "plugin\RevitMCPPlugin.csproj", "{43CD0FD7-DF41-4F64-92BE-A0F78666D86F}"
	ProjectSection(ProjectDependencies) = postProject
		{A23E71AF-675B-41EE-9BD4-D4F3C8BA080D} = {A23E71AF-675B-41EE-9BD4-D4F3C8BA080D}
	EndProjectSection
EndProject
Project("{FAE04EC0-301F-11D3-BF4B-00C04F79EFBC}") = "RevitMCPCommandSet", "commandset\RevitMCPCommandSet.csproj", "{A23E71AF-675B-41EE-9BD4-D4F3C8BA080D}"
EndProject
Project("{FAE04EC0-301F-11D3-BF4B-00C04F79EFBC}") = "RevitMCPCommandSet.Tests", "tests\commandset\RevitMCPCommandSet.Tests.csproj", "{E1F2D3C4-A5B6-7890-ABCD-EF1234567890}"
EndProject
Project("{2150E333-8FDC-42A3-9474-1A3956D46DE8}") = "Docs", "Docs", "{9A3C0B8D-4B42-4F88-8B89-1C5D7A41F001}"
	ProjectSection(SolutionItems) = preProject
		README.md = README.md
		README-zh.md = README-zh.md
		command.json = command.json
	EndProjectSection
EndProject
Project("{2150E333-8FDC-42A3-9474-1A3956D46DE8}") = "Assets", "Assets", "{9A3C0B8D-4B42-4F88-8B89-1C5D7A41F002}"
	ProjectSection(SolutionItems) = preProject
		assets\claude.png = assets\claude.png
		assets\cover.png = assets\cover.png
	EndProjectSection
EndProject
Project("{2150E333-8FDC-42A3-9474-1A3956D46DE8}") = "Scripts", "Scripts", "{9A3C0B8D-4B42-4F88-8B89-1C5D7A41F003}"
	ProjectSection(SolutionItems) = preProject
		scripts\release.ps1 = scripts\release.ps1
	EndProjectSection
EndProject
Project("{2150E333-8FDC-42A3-9474-1A3956D46DE8}") = "Server", "Server", "{9A3C0B8D-4B42-4F88-8B89-1C5D7A41F010}"
	ProjectSection(SolutionItems) = preProject
		server\README.md = server\README.md
		server\package.json = server\package.json
		server\package-lock.json = server\package-lock.json
		server\tsconfig.json = server\tsconfig.json
	EndProjectSection
EndProject
Project("{2150E333-8FDC-42A3-9474-1A3956D46DE8}") = "scripts", "scripts", "{9A3C0B8D-4B42-4F88-8B89-1C5D7A41F011}"
	ProjectSection(SolutionItems) = preProject
		server\scripts\copy-static-assets.mjs = server\scripts\copy-static-assets.mjs
	EndProjectSection
EndProject
Project("{2150E333-8FDC-42A3-9474-1A3956D46DE8}") = "src", "src", "{9A3C0B8D-4B42-4F88-8B89-1C5D7A41F012}"
	ProjectSection(SolutionItems) = preProject
		server\src\index.ts = server\src\index.ts
	EndProjectSection
EndProject
Project("{2150E333-8FDC-42A3-9474-1A3956D46DE8}") = "data", "data", "{9A3C0B8D-4B42-4F88-8B89-1C5D7A41F013}"
	ProjectSection(SolutionItems) = preProject
		server\src\data\api-index.json = server\src\data\api-index.json
	EndProjectSection
EndProject
Project("{2150E333-8FDC-42A3-9474-1A3956D46DE8}") = "database", "database", "{9A3C0B8D-4B42-4F88-8B89-1C5D7A41F014}"
	ProjectSection(SolutionItems) = preProject
		server\src\database\db.ts = server\src\database\db.ts
		server\src\database\service.ts = server\src\database\service.ts
	EndProjectSection
EndProject
Project("{2150E333-8FDC-42A3-9474-1A3956D46DE8}") = "tools", "tools", "{9A3C0B8D-4B42-4F88-8B89-1C5D7A41F015}"
	ProjectSection(SolutionItems) = preProject
		server\src\tools\ai_element_filter.ts = server\src\tools\ai_element_filter.ts
		server\src\tools\analyze_model_statistics.ts = server\src\tools\analyze_model_statistics.ts
		server\src\tools\color_elements.ts = server\src\tools\color_elements.ts
		server\src\tools\create_dimensions.ts = server\src\tools\create_dimensions.ts
		server\src\tools\create_grid.ts = server\src\tools\create_grid.ts
		server\src\tools\create_level.ts = server\src\tools\create_level.ts
		server\src\tools\create_line_based_element.ts = server\src\tools\create_line_based_element.ts
		server\src\tools\create_point_based_element.ts = server\src\tools\create_point_based_element.ts
		server\src\tools\create_room.ts = server\src\tools\create_room.ts
		server\src\tools\create_structural_framing_system.ts = server\src\tools\create_structural_framing_system.ts
		server\src\tools\create_surface_based_element.ts = server\src\tools\create_surface_based_element.ts
		server\src\tools\delete_element.ts = server\src\tools\delete_element.ts
		server\src\tools\exec.ts = server\src\tools\exec.ts
		server\src\tools\export_room_data.ts = server\src\tools\export_room_data.ts
		server\src\tools\get_available_family_types.ts = server\src\tools\get_available_family_types.ts
		server\src\tools\get_current_view_elements.ts = server\src\tools\get_current_view_elements.ts
		server\src\tools\get_current_view_info.ts = server\src\tools\get_current_view_info.ts
		server\src\tools\get_material_quantities.ts = server\src\tools\get_material_quantities.ts
		server\src\tools\get_selected_elements.ts = server\src\tools\get_selected_elements.ts
		server\src\tools\modify_element.ts = server\src\tools\modify_element.ts
		server\src\tools\operate_element.ts = server\src\tools\operate_element.ts
		server\src\tools\query_stored_data.ts = server\src\tools\query_stored_data.ts
		server\src\tools\register.ts = server\src\tools\register.ts
		server\src\tools\say_hello.ts = server\src\tools\say_hello.ts
		server\src\tools\search.ts = server\src\tools\search.ts
		server\src\tools\search_modules.ts = server\src\tools\search_modules.ts
		server\src\tools\store_project_data.ts = server\src\tools\store_project_data.ts
		server\src\tools\store_room_data.ts = server\src\tools\store_room_data.ts
		server\src\tools\tag_all_rooms.ts = server\src\tools\tag_all_rooms.ts
		server\src\tools\tag_all_walls.ts = server\src\tools\tag_all_walls.ts
		server\src\tools\use_module.ts = server\src\tools\use_module.ts
	EndProjectSection
EndProject
Project("{2150E333-8FDC-42A3-9474-1A3956D46DE8}") = "utils", "utils", "{9A3C0B8D-4B42-4F88-8B89-1C5D7A41F016}"
	ProjectSection(SolutionItems) = preProject
		server\src\utils\ConnectionManager.ts = server\src\utils\ConnectionManager.ts
		server\src\utils\SocketClient.ts = server\src\utils\SocketClient.ts
	EndProjectSection
EndProject
Global
	GlobalSection(SolutionConfigurationPlatforms) = preSolution
		Debug R20|Any CPU = Debug R20|Any CPU
		Debug R21|Any CPU = Debug R21|Any CPU
		Debug R22|Any CPU = Debug R22|Any CPU
		Debug R23|Any CPU = Debug R23|Any CPU
		Debug R24|Any CPU = Debug R24|Any CPU
		Debug R25|Any CPU = Debug R25|Any CPU
		Debug R26|Any CPU = Debug R26|Any CPU
		Release R20|Any CPU = Release R20|Any CPU
		Release R21|Any CPU = Release R21|Any CPU
		Release R22|Any CPU = Release R22|Any CPU
		Release R23|Any CPU = Release R23|Any CPU
		Release R24|Any CPU = Release R24|Any CPU
		Release R25|Any CPU = Release R25|Any CPU
		Release R26|Any CPU = Release R26|Any CPU
	EndGlobalSection
	GlobalSection(ProjectConfigurationPlatforms) = postSolution
		{43CD0FD7-DF41-4F64-92BE-A0F78666D86F}.Debug R20|Any CPU.ActiveCfg = Debug R20|Any CPU
		{43CD0FD7-DF41-4F64-92BE-A0F78666D86F}.Debug R20|Any CPU.Build.0 = Debug R20|Any CPU
		{43CD0FD7-DF41-4F64-92BE-A0F78666D86F}.Debug R21|Any CPU.ActiveCfg = Debug R21|Any CPU
		{43CD0FD7-DF41-4F64-92BE-A0F78666D86F}.Debug R21|Any CPU.Build.0 = Debug R21|Any CPU
		{43CD0FD7-DF41-4F64-92BE-A0F78666D86F}.Debug R22|Any CPU.ActiveCfg = Debug R22|Any CPU
		{43CD0FD7-DF41-4F64-92BE-A0F78666D86F}.Debug R22|Any CPU.Build.0 = Debug R22|Any CPU
		{43CD0FD7-DF41-4F64-92BE-A0F78666D86F}.Debug R23|Any CPU.ActiveCfg = Debug R23|Any CPU
		{43CD0FD7-DF41-4F64-92BE-A0F78666D86F}.Debug R23|Any CPU.Build.0 = Debug R23|Any CPU
		{43CD0FD7-DF41-4F64-92BE-A0F78666D86F}.Debug R24|Any CPU.ActiveCfg = Debug R24|Any CPU
		{43CD0FD7-DF41-4F64-92BE-A0F78666D86F}.Debug R24|Any CPU.Build.0 = Debug R24|Any CPU
		{43CD0FD7-DF41-4F64-92BE-A0F78666D86F}.Debug R25|Any CPU.ActiveCfg = Debug R25|Any CPU
		{43CD0FD7-DF41-4F64-92BE-A0F78666D86F}.Debug R25|Any CPU.Build.0 = Debug R25|Any CPU
		{43CD0FD7-DF41-4F64-92BE-A0F78666D86F}.Debug R26|Any CPU.ActiveCfg = Debug R26|Any CPU
		{43CD0FD7-DF41-4F64-92BE-A0F78666D86F}.Debug R26|Any CPU.Build.0 = Debug R26|Any CPU
		{43CD0FD7-DF41-4F64-92BE-A0F78666D86F}.Release R20|Any CPU.ActiveCfg = Release R20|Any CPU
		{43CD0FD7-DF41-4F64-92BE-A0F78666D86F}.Release R20|Any CPU.Build.0 = Release R20|Any CPU
		{43CD0FD7-DF41-4F64-92BE-A0F78666D86F}.Release R21|Any CPU.ActiveCfg = Release R21|Any CPU
		{43CD0FD7-DF41-4F64-92BE-A0F78666D86F}.Release R21|Any CPU.Build.0 = Release R21|Any CPU
		{43CD0FD7-DF41-4F64-92BE-A0F78666D86F}.Release R22|Any CPU.ActiveCfg = Release R22|Any CPU
		{43CD0FD7-DF41-4F64-92BE-A0F78666D86F}.Release R22|Any CPU.Build.0 = Release R22|Any CPU
		{43CD0FD7-DF41-4F64-92BE-A0F78666D86F}.Release R23|Any CPU.ActiveCfg = Release R23|Any CPU
		{43CD0FD7-DF41-4F64-92BE-A0F78666D86F}.Release R23|Any CPU.Build.0 = Release R23|Any CPU
		{43CD0FD7-DF41-4F64-92BE-A0F78666D86F}.Release R24|Any CPU.ActiveCfg = Release R24|Any CPU
		{43CD0FD7-DF41-4F64-92BE-A0F78666D86F}.Release R24|Any CPU.Build.0 = Release R24|Any CPU
		{43CD0FD7-DF41-4F64-92BE-A0F78666D86F}.Release R25|Any CPU.ActiveCfg = Release R25|Any CPU
		{43CD0FD7-DF41-4F64-92BE-A0F78666D86F}.Release R25|Any CPU.Build.0 = Release R25|Any CPU
		{43CD0FD7-DF41-4F64-92BE-A0F78666D86F}.Release R26|Any CPU.ActiveCfg = Release R26|Any CPU
		{43CD0FD7-DF41-4F64-92BE-A0F78666D86F}.Release R26|Any CPU.Build.0 = Release R26|Any CPU
		{A23E71AF-675B-41EE-9BD4-D4F3C8BA080D}.Debug R20|Any CPU.ActiveCfg = Debug R20|Any CPU
		{A23E71AF-675B-41EE-9BD4-D4F3C8BA080D}.Debug R20|Any CPU.Build.0 = Debug R20|Any CPU
		{A23E71AF-675B-41EE-9BD4-D4F3C8BA080D}.Debug R21|Any CPU.ActiveCfg = Debug R21|Any CPU
		{A23E71AF-675B-41EE-9BD4-D4F3C8BA080D}.Debug R21|Any CPU.Build.0 = Debug R21|Any CPU
		{A23E71AF-675B-41EE-9BD4-D4F3C8BA080D}.Debug R22|Any CPU.ActiveCfg = Debug R22|Any CPU
		{A23E71AF-675B-41EE-9BD4-D4F3C8BA080D}.Debug R22|Any CPU.Build.0 = Debug R22|Any CPU
		{A23E71AF-675B-41EE-9BD4-D4F3C8BA080D}.Debug R23|Any CPU.ActiveCfg = Debug R23|Any CPU
		{A23E71AF-675B-41EE-9BD4-D4F3C8BA080D}.Debug R23|Any CPU.Build.0 = Debug R23|Any CPU
		{A23E71AF-675B-41EE-9BD4-D4F3C8BA080D}.Debug R24|Any CPU.ActiveCfg = Debug R24|Any CPU
		{A23E71AF-675B-41EE-9BD4-D4F3C8BA080D}.Debug R24|Any CPU.Build.0 = Debug R24|Any CPU
		{A23E71AF-675B-41EE-9BD4-D4F3C8BA080D}.Debug R25|Any CPU.ActiveCfg = Debug R25|Any CPU
		{A23E71AF-675B-41EE-9BD4-D4F3C8BA080D}.Debug R25|Any CPU.Build.0 = Debug R25|Any CPU
		{A23E71AF-675B-41EE-9BD4-D4F3C8BA080D}.Debug R26|Any CPU.ActiveCfg = Debug R26|Any CPU
		{A23E71AF-675B-41EE-9BD4-D4F3C8BA080D}.Debug R26|Any CPU.Build.0 = Debug R26|Any CPU
		{A23E71AF-675B-41EE-9BD4-D4F3C8BA080D}.Release R20|Any CPU.ActiveCfg = Release R20|Any CPU
		{A23E71AF-675B-41EE-9BD4-D4F3C8BA080D}.Release R20|Any CPU.Build.0 = Release R20|Any CPU
		{A23E71AF-675B-41EE-9BD4-D4F3C8BA080D}.Release R21|Any CPU.ActiveCfg = Release R21|Any CPU
		{A23E71AF-675B-41EE-9BD4-D4F3C8BA080D}.Release R21|Any CPU.Build.0 = Release R21|Any CPU
		{A23E71AF-675B-41EE-9BD4-D4F3C8BA080D}.Release R22|Any CPU.ActiveCfg = Release R22|Any CPU
		{A23E71AF-675B-41EE-9BD4-D4F3C8BA080D}.Release R22|Any CPU.Build.0 = Release R22|Any CPU
		{A23E71AF-675B-41EE-9BD4-D4F3C8BA080D}.Release R23|Any CPU.ActiveCfg = Release R23|Any CPU
		{A23E71AF-675B-41EE-9BD4-D4F3C8BA080D}.Release R23|Any CPU.Build.0 = Release R23|Any CPU
		{A23E71AF-675B-41EE-9BD4-D4F3C8BA080D}.Release R24|Any CPU.ActiveCfg = Release R24|Any CPU
		{A23E71AF-675B-41EE-9BD4-D4F3C8BA080D}.Release R24|Any CPU.Build.0 = Release R24|Any CPU
		{A23E71AF-675B-41EE-9BD4-D4F3C8BA080D}.Release R25|Any CPU.ActiveCfg = Release R25|Any CPU
		{A23E71AF-675B-41EE-9BD4-D4F3C8BA080D}.Release R25|Any CPU.Build.0 = Release R25|Any CPU
		{A23E71AF-675B-41EE-9BD4-D4F3C8BA080D}.Release R26|Any CPU.ActiveCfg = Release R26|Any CPU
		{A23E71AF-675B-41EE-9BD4-D4F3C8BA080D}.Release R26|Any CPU.Build.0 = Release R26|Any CPU
		{E1F2D3C4-A5B6-7890-ABCD-EF1234567890}.Debug R25|Any CPU.ActiveCfg = Debug.R25|Any CPU
		{E1F2D3C4-A5B6-7890-ABCD-EF1234567890}.Debug R25|Any CPU.Build.0 = Debug.R25|Any CPU
		{E1F2D3C4-A5B6-7890-ABCD-EF1234567890}.Debug R26|Any CPU.ActiveCfg = Debug.R26|Any CPU
		{E1F2D3C4-A5B6-7890-ABCD-EF1234567890}.Debug R26|Any CPU.Build.0 = Debug.R26|Any CPU
		{E1F2D3C4-A5B6-7890-ABCD-EF1234567890}.Release R25|Any CPU.ActiveCfg = Release.R25|Any CPU
		{E1F2D3C4-A5B6-7890-ABCD-EF1234567890}.Release R25|Any CPU.Build.0 = Release.R25|Any CPU
		{E1F2D3C4-A5B6-7890-ABCD-EF1234567890}.Release R26|Any CPU.ActiveCfg = Release.R26|Any CPU
		{E1F2D3C4-A5B6-7890-ABCD-EF1234567890}.Release R26|Any CPU.Build.0 = Release.R26|Any CPU
		{E1F2D3C4-A5B6-7890-ABCD-EF1234567890}.Debug R20|Any CPU.ActiveCfg = Debug.R26|Any CPU
		{E1F2D3C4-A5B6-7890-ABCD-EF1234567890}.Debug R21|Any CPU.ActiveCfg = Debug.R26|Any CPU
		{E1F2D3C4-A5B6-7890-ABCD-EF1234567890}.Debug R22|Any CPU.ActiveCfg = Debug.R26|Any CPU
		{E1F2D3C4-A5B6-7890-ABCD-EF1234567890}.Debug R23|Any CPU.ActiveCfg = Debug.R26|Any CPU
		{E1F2D3C4-A5B6-7890-ABCD-EF1234567890}.Debug R24|Any CPU.ActiveCfg = Debug.R26|Any CPU
		{E1F2D3C4-A5B6-7890-ABCD-EF1234567890}.Release R20|Any CPU.ActiveCfg = Release.R26|Any CPU
		{E1F2D3C4-A5B6-7890-ABCD-EF1234567890}.Release R21|Any CPU.ActiveCfg = Release.R26|Any CPU
		{E1F2D3C4-A5B6-7890-ABCD-EF1234567890}.Release R22|Any CPU.ActiveCfg = Release.R26|Any CPU
		{E1F2D3C4-A5B6-7890-ABCD-EF1234567890}.Release R23|Any CPU.ActiveCfg = Release.R26|Any CPU
		{E1F2D3C4-A5B6-7890-ABCD-EF1234567890}.Release R24|Any CPU.ActiveCfg = Release.R26|Any CPU
	EndGlobalSection
	GlobalSection(SolutionProperties) = preSolution
		HideSolutionNode = FALSE
	EndGlobalSection
	GlobalSection(NestedProjects) = preSolution
		{9A3C0B8D-4B42-4F88-8B89-1C5D7A41F011} = {9A3C0B8D-4B42-4F88-8B89-1C5D7A41F010}
		{9A3C0B8D-4B42-4F88-8B89-1C5D7A41F012} = {9A3C0B8D-4B42-4F88-8B89-1C5D7A41F010}
		{9A3C0B8D-4B42-4F88-8B89-1C5D7A41F013} = {9A3C0B8D-4B42-4F88-8B89-1C5D7A41F012}
		{9A3C0B8D-4B42-4F88-8B89-1C5D7A41F014} = {9A3C0B8D-4B42-4F88-8B89-1C5D7A41F012}
		{9A3C0B8D-4B42-4F88-8B89-1C5D7A41F015} = {9A3C0B8D-4B42-4F88-8B89-1C5D7A41F012}
		{9A3C0B8D-4B42-4F88-8B89-1C5D7A41F016} = {9A3C0B8D-4B42-4F88-8B89-1C5D7A41F012}
	EndGlobalSection
	GlobalSection(ExtensibilityGlobals) = postSolution
		SolutionGuid = {B7F2C8A1-5D3E-4A9F-8C6B-1E2D3F4A5B6C}
	EndGlobalSection
EndGlobal
